
Microsoft Visual Studio Solution File, Format Version 12.00
# Visual Studio 15
VisualStudioVersion = 15.0.25807.0
MinimumVisualStudioVersion = 10.0.40219.1
Project("{2150E333-8FDC-42A3-9474-1A3956D46DE8}") = "Engine", "Engine", "{F04C5519-C4F6-4574-85CF-2846AA178456}"
EndProject
Project("{2150E333-8FDC-42A3-9474-1A3956D46DE8}") = "Games", "Games", "{6C0A396E-455A-4F74-87E7-E141DE34AF91}"
EndProject
Project("{8BC9CEB8-8B4A-11D0-8D11-00A0C91BC942}") = "UE4", "Intermediate\ProjectFiles\UE4.vcxproj", "{D0394257-4A26-4820-9855-F505CB3C3198}"
EndProject
Project("{8BC9CEB8-8B4A-11D0-8D11-00A0C91BC942}") = "Section_01", "Intermediate\ProjectFiles\Section_01.vcxproj", "{E71FEE16-DED0-4A2D-9832-D47C2C58DD9A}"
EndProject
Global
	GlobalSection(SolutionConfigurationPlatforms) = preSolution
		DebugGame Editor|HTML5 = DebugGame Editor|HTML5
		DebugGame Editor|IOS = DebugGame Editor|IOS
		DebugGame Editor|Win32 = DebugGame Editor|Win32
		DebugGame Editor|Win64 = DebugGame Editor|Win64
		DebugGame|HTML5 = DebugGame|HTML5
		DebugGame|IOS = DebugGame|IOS
		DebugGame|Win32 = DebugGame|Win32
		DebugGame|Win64 = DebugGame|Win64
		Development Editor|HTML5 = Development Editor|HTML5
		Development Editor|IOS = Development Editor|IOS
		Development Editor|Win32 = Development Editor|Win32
		Development Editor|Win64 = Development Editor|Win64
		Development|HTML5 = Development|HTML5
		Development|IOS = Development|IOS
		Development|Win32 = Development|Win32
		Development|Win64 = Development|Win64
		Shipping|HTML5 = Shipping|HTML5
		Shipping|IOS = Shipping|IOS
		Shipping|Win32 = Shipping|Win32
		Shipping|Win64 = Shipping|Win64
	EndGlobalSection
	GlobalSection(ProjectConfigurationPlatforms) = postSolution
		{E71FEE16-DED0-4A2D-9832-D47C2C58DD9A}.DebugGame Editor|HTML5.ActiveCfg = HTML5_DebugGame_Editor|Win32
		{E71FEE16-DED0-4A2D-9832-D47C2C58DD9A}.DebugGame Editor|IOS.ActiveCfg = IOS_DebugGame_Editor|Win32
		{E71FEE16-DED0-4A2D-9832-D47C2C58DD9A}.DebugGame Editor|Win32.ActiveCfg = DebugGame_Editor|Win32
		{E71FEE16-DED0-4A2D-9832-D47C2C58DD9A}.DebugGame Editor|Win64.ActiveCfg = DebugGame_Editor|x64
		{E71FEE16-DED0-4A2D-9832-D47C2C58DD9A}.DebugGame Editor|Win64.Build.0 = DebugGame_Editor|x64
		{E71FEE16-DED0-4A2D-9832-D47C2C58DD9A}.DebugGame|HTML5.ActiveCfg = HTML5_DebugGame_Game|Win32
		{E71FEE16-DED0-4A2D-9832-D47C2C58DD9A}.DebugGame|HTML5.Build.0 = HTML5_DebugGame_Game|Win32
		{E71FEE16-DED0-4A2D-9832-D47C2C58DD9A}.DebugGame|IOS.ActiveCfg = IOS_DebugGame_Game|Win32
		{E71FEE16-DED0-4A2D-9832-D47C2C58DD9A}.DebugGame|IOS.Build.0 = IOS_DebugGame_Game|Win32
		{E71FEE16-DED0-4A2D-9832-D47C2C58DD9A}.DebugGame|Win32.ActiveCfg = DebugGame_Game|Win32
		{E71FEE16-DED0-4A2D-9832-D47C2C58DD9A}.DebugGame|Win32.Build.0 = DebugGame_Game|Win32
		{E71FEE16-DED0-4A2D-9832-D47C2C58DD9A}.DebugGame|Win64.ActiveCfg = DebugGame_Game|x64
		{E71FEE16-DED0-4A2D-9832-D47C2C58DD9A}.DebugGame|Win64.Build.0 = DebugGame_Game|x64
		{E71FEE16-DED0-4A2D-9832-D47C2C58DD9A}.Development Editor|HTML5.ActiveCfg = HTML5_Development_Editor|Win32
		{E71FEE16-DED0-4A2D-9832-D47C2C58DD9A}.Development Editor|IOS.ActiveCfg = IOS_Development_Editor|Win32
		{E71FEE16-DED0-4A2D-9832-D47C2C58DD9A}.Development Editor|Win32.ActiveCfg = Development_Editor|Win32
		{E71FEE16-DED0-4A2D-9832-D47C2C58DD9A}.Development Editor|Win64.ActiveCfg = Development_Editor|x64
		{E71FEE16-DED0-4A2D-9832-D47C2C58DD9A}.Development Editor|Win64.Build.0 = Development_Editor|x64
		{E71FEE16-DED0-4A2D-9832-D47C2C58DD9A}.Development|HTML5.ActiveCfg = HTML5_Development_Game|Win32
		{E71FEE16-DED0-4A2D-9832-D47C2C58DD9A}.Development|HTML5.Build.0 = HTML5_Development_Game|Win32
		{E71FEE16-DED0-4A2D-9832-D47C2C58DD9A}.Development|IOS.ActiveCfg = IOS_Development_Game|Win32
		{E71FEE16-DED0-4A2D-9832-D47C2C58DD9A}.Development|IOS.Build.0 = IOS_Development_Game|Win32
		{E71FEE16-DED0-4A2D-9832-D47C2C58DD9A}.Development|Win32.ActiveCfg = Development_Game|Win32
		{E71FEE16-DED0-4A2D-9832-D47C2C58DD9A}.Development|Win32.Build.0 = Development_Game|Win32
		{E71FEE16-DED0-4A2D-9832-D47C2C58DD9A}.Development|Win64.ActiveCfg = Development_Game|x64
		{E71FEE16-DED0-4A2D-9832-D47C2C58DD9A}.Development|Win64.Build.0 = Development_Game|x64
		{E71FEE16-DED0-4A2D-9832-D47C2C58DD9A}.Shipping|HTML5.ActiveCfg = HTML5_Shipping_Game|Win32
		{E71FEE16-DED0-4A2D-9832-D47C2C58DD9A}.Shipping|HTML5.Build.0 = HTML5_Shipping_Game|Win32
		{E71FEE16-DED0-4A2D-9832-D47C2C58DD9A}.Shipping|IOS.ActiveCfg = IOS_Shipping_Game|Win32
		{E71FEE16-DED0-4A2D-9832-D47C2C58DD9A}.Shipping|IOS.Build.0 = IOS_Shipping_Game|Win32
		{E71FEE16-DED0-4A2D-9832-D47C2C58DD9A}.Shipping|Win32.ActiveCfg = Shipping_Game|Win32
		{E71FEE16-DED0-4A2D-9832-D47C2C58DD9A}.Shipping|Win32.Build.0 = Shipping_Game|Win32
		{E71FEE16-DED0-4A2D-9832-D47C2C58DD9A}.Shipping|Win64.ActiveCfg = Shipping_Game|x64
		{E71FEE16-DED0-4A2D-9832-D47C2C58DD9A}.Shipping|Win64.Build.0 = Shipping_Game|x64
	EndGlobalSection
	GlobalSection(SolutionProperties) = preSolution
		HideSolutionNode = FALSE
	EndGlobalSection
	GlobalSection(NestedProjects) = preSolution
		{D0394257-4A26-4820-9855-F505CB3C3198} = {F04C5519-C4F6-4574-85CF-2846AA178456}
		{E71FEE16-DED0-4A2D-9832-D47C2C58DD9A} = {6C0A396E-455A-4F74-87E7-E141DE34AF91}
	EndGlobalSection
EndGlobal
